{
  "name": "algo-testing-roy",
  "version": "1.0.0",
  "lockfileVersion": 1,
  "requires": true,
  "dependencies": {
    "ccxt": {
      "version": "1.81.19",
      "resolved": "https://registry.npmjs.org/ccxt/-/ccxt-1.81.19.tgz",
      "integrity": "sha512-CjMgHx7Q5AQOFCK4NN+06JoLY/M/17EiWOxI+PgTqWyuFdg+OwRb0AhD891b1Mc2Dv6lQJIUFkbAuBfQZ7x+Qg=="
    },
    "confidence95": {
      "version": "1.0.0",
      "resolved": "https://registry.npmjs.org/confidence95/-/confidence95-1.0.0.tgz",
      "integrity": "sha1-CrqATtiks6aYvS8QlX+MlExLIUw="
    },
    "trendyways": {
      "version": "0.8.0",
      "resolved": "https://registry.npmjs.org/trendyways/-/trendyways-0.8.0.tgz",
      "integrity": "sha512-mhqSw7KaymDldSuQPYpgynlnDwAGq+pnl7VvnDopxS2Ht3DtHmMQI68Nj6rvZsdMbnNKx/FfgQIC0cO18UNn6Q==",
      "requires": {
        "jsdoc": "*",
        "uglify-js": "*"
      },
      "dependencies": {
        "@babel/parser": {
          "version": "7.6.0",
          "bundled": true
        },
        "argparse": {
          "version": "1.0.10",
          "bundled": true,
          "requires": {
            "sprintf-js": "~1.0.2"
          }
        },
        "bluebird": {
          "version": "3.5.5",
          "bundled": true
        },
        "catharsis": {
          "version": "0.8.11",
          "bundled": true,
          "requires": {
            "lodash": "^4.17.14"
          }
        },
        "commander": {
          "version": "2.20.0",
          "bundled": true
        },
        "entities": {
          "version": "1.1.2",
          "bundled": true
        },
        "graceful-fs": {
          "version": "4.1.15",
          "bundled": true
        },
        "js2xmlparser": {
          "version": "4.0.0",
          "bundled": true,
          "requires": {
            "xmlcreate": "^2.0.0"
          }
        },
        "jsdoc": {
          "version": "3.6.3",
          "bundled": true,
          "requires": {
            "@babel/parser": "^7.4.4",
            "bluebird": "^3.5.4",
            "catharsis": "^0.8.11",
            "escape-string-regexp": "^2.0.0",
            "js2xmlparser": "^4.0.0",
            "klaw": "^3.0.0",
            "markdown-it": "^8.4.2",
            "markdown-it-anchor": "^5.0.2",
            "marked": "^0.7.0",
            "mkdirp": "^0.5.1",
            "requizzle": "^0.2.3",
            "strip-json-comments": "^3.0.1",
            "taffydb": "2.6.2",
            "underscore": "~1.9.1"
          },
          "dependencies": {
            "escape-string-regexp": {
              "version": "2.0.0",
              "bundled": true
            },
            "strip-json-comments": {
              "version": "3.0.1",
              "bundled": true
            }
          }
        },
        "klaw": {
          "version": "3.0.0",
          "bundled": true,
          "requires": {
            "graceful-fs": "^4.1.9"
          }
        },
        "linkify-it": {
          "version": "2.2.0",
          "bundled": true,
          "requires": {
            "uc.micro": "^1.0.1"
          }
        },
        "lodash": {
          "version": "4.17.15",
          "bundled": true
        },
        "markdown-it": {
          "version": "8.4.2",
          "bundled": true,
          "requires": {
            "argparse": "^1.0.7",
            "entities": "~1.1.1",
            "linkify-it": "^2.0.0",
            "mdurl": "^1.0.1",
            "uc.micro": "^1.0.5"
          }
        },
        "markdown-it-anchor": {
          "version": "5.2.4",
          "bundled": true
        },
        "marked": {
          "version": "0.7.0",
          "bundled": true
        },
        "mdurl": {
          "version": "1.0.1",
          "bundled": true
        },
        "mkdirp": {
          "version": "0.5.1",
          "bundled": true,
          "requires": {
            "minimist": "0.0.8"
          },
          "dependencies": {
            "minimist": {
              "version": "0.0.8",
              "bundled": true
            }
          }
        },
        "requizzle": {
          "version": "0.2.3",
          "bundled": true,
          "requires": {
            "lodash": "^4.17.14"
          }
        },
        "source-map": {
          "version": "0.6.1",
          "bundled": true
        },
        "sprintf-js": {
          "version": "1.0.3",
          "bundled": true
        },
        "taffydb": {
          "version": "2.6.2",
          "bundled": true
        },
        "uc.micro": {
          "version": "1.0.6",
          "bundled": true
        },
        "uglify-js": {
          "version": "3.6.0",
          "bundled": true,
          "requires": {
            "commander": "~2.20.0",
            "source-map": "~0.6.1"
          }
        },
        "underscore": {
          "version": "1.9.1",
          "bundled": true
        },
        "xmlcreate": {
          "version": "2.0.1",
          "bundled": true
        }
      }
    }
  }
}
