{
  "name": "algo-testing-roy",
  "version": "1.0.0",
  "lockfileVersion": 2,
  "requires": true,
  "packages": {
    "": {
      "name": "algo-testing-roy",
      "version": "1.0.0",
      "license": "ISC",
      "dependencies": {
        "ccxt": "^1.81.77",
        "confidence95": "^1.0.0",
        "trendyways": "^0.8.0"
      }
    },
    "node_modules/ccxt": {
      "version": "1.81.77",
      "resolved": "https://registry.npmjs.org/ccxt/-/ccxt-1.81.77.tgz",
      "integrity": "sha512-8SNqCDQ8S7nJlWnuiZDyO5ciVx2w/PQpdGMaVBUbNFDrsSOBxLQ2xmQJiRo9Sgx4muqLvBXEs5tKmX/7c/0V8Q==",
      "hasInstallScript": true,
      "engines": {
        "node": ">=10.4.0"
      }
    },
    "node_modules/confidence95": {
      "version": "1.0.0",
      "resolved": "https://registry.npmjs.org/confidence95/-/confidence95-1.0.0.tgz",
      "integrity": "sha1-CrqATtiks6aYvS8QlX+MlExLIUw=",
      "bin": {
        "confidence95": "cli.js"
      }
    },
    "node_modules/trendyways": {
      "version": "0.8.0",
      "resolved": "https://registry.npmjs.org/trendyways/-/trendyways-0.8.0.tgz",
      "integrity": "sha512-mhqSw7KaymDldSuQPYpgynlnDwAGq+pnl7VvnDopxS2Ht3DtHmMQI68Nj6rvZsdMbnNKx/FfgQIC0cO18UNn6Q==",
      "bundleDependencies": [
        "uglify-js",
        "jsdoc"
      ],
      "dependencies": {
        "jsdoc": "*",
        "uglify-js": "*"
      },
      "engines": {
        "node": ">=0.10.15"
      }
    },
    "node_modules/trendyways/node_modules/@babel/parser": {
      "version": "7.6.0",
      "inBundle": true,
      "license": "MIT",
      "bin": {
        "parser": "bin/babel-parser.js"
      },
      "engines": {
        "node": ">=6.0.0"
      }
    },
    "node_modules/trendyways/node_modules/argparse": {
      "version": "1.0.10",
      "inBundle": true,
      "license": "MIT",
      "dependencies": {
        "sprintf-js": "~1.0.2"
      }
    },
    "node_modules/trendyways/node_modules/bluebird": {
      "version": "3.5.5",
      "inBundle": true,
      "license": "MIT"
    },
    "node_modules/trendyways/node_modules/catharsis": {
      "version": "0.8.11",
      "inBundle": true,
      "license": "MIT",
      "dependencies": {
        "lodash": "^4.17.14"
      },
      "engines": {
        "node": ">= 8"
      }
    },
    "node_modules/trendyways/node_modules/commander": {
      "version": "2.20.0",
      "inBundle": true,
      "license": "MIT"
    },
    "node_modules/trendyways/node_modules/entities": {
      "version": "1.1.2",
      "inBundle": true,
      "license": "BSD-2-Clause"
    },
    "node_modules/trendyways/node_modules/graceful-fs": {
      "version": "4.1.15",
      "inBundle": true,
      "license": "ISC"
    },
    "node_modules/trendyways/node_modules/js2xmlparser": {
      "version": "4.0.0",
      "inBundle": true,
      "license": "Apache-2.0",
      "dependencies": {
        "xmlcreate": "^2.0.0"
      }
    },
    "node_modules/trendyways/node_modules/jsdoc": {
      "version": "3.6.3",
      "inBundle": true,
      "license": "Apache-2.0",
      "dependencies": {
        "@babel/parser": "^7.4.4",
        "bluebird": "^3.5.4",
        "catharsis": "^0.8.11",
        "escape-string-regexp": "^2.0.0",
        "js2xmlparser": "^4.0.0",
        "klaw": "^3.0.0",
        "markdown-it": "^8.4.2",
        "markdown-it-anchor": "^5.0.2",
        "marked": "^0.7.0",
        "mkdirp": "^0.5.1",
        "requizzle": "^0.2.3",
        "strip-json-comments": "^3.0.1",
        "taffydb": "2.6.2",
        "underscore": "~1.9.1"
      },
      "bin": {
        "jsdoc": "jsdoc.js"
      },
      "engines": {
        "node": ">=8.15.0"
      }
    },
    "node_modules/trendyways/node_modules/jsdoc/node_modules/escape-string-regexp": {
      "version": "2.0.0",
      "inBundle": true,
      "license": "MIT",
      "engines": {
        "node": ">=8"
      }
    },
    "node_modules/trendyways/node_modules/jsdoc/node_modules/strip-json-comments": {
      "version": "3.0.1",
      "inBundle": true,
      "license": "MIT",
      "engines": {
        "node": ">=8"
      }
    },
    "node_modules/trendyways/node_modules/klaw": {
      "version": "3.0.0",
      "inBundle": true,
      "license": "MIT",
      "dependencies": {
        "graceful-fs": "^4.1.9"
      }
    },
    "node_modules/trendyways/node_modules/linkify-it": {
      "version": "2.2.0",
      "inBundle": true,
      "license": "MIT",
      "dependencies": {
        "uc.micro": "^1.0.1"
      }
    },
    "node_modules/trendyways/node_modules/lodash": {
      "version": "4.17.15",
      "inBundle": true,
      "license": "MIT"
    },
    "node_modules/trendyways/node_modules/markdown-it": {
      "version": "8.4.2",
      "inBundle": true,
      "license": "MIT",
      "dependencies": {
        "argparse": "^1.0.7",
        "entities": "~1.1.1",
        "linkify-it": "^2.0.0",
        "mdurl": "^1.0.1",
        "uc.micro": "^1.0.5"
      },
      "bin": {
        "markdown-it": "bin/markdown-it.js"
      }
    },
    "node_modules/trendyways/node_modules/markdown-it-anchor": {
      "version": "5.2.4",
      "inBundle": true,
      "license": "Unlicense",
      "peerDependencies": {
        "markdown-it": "*"
      }
    },
    "node_modules/trendyways/node_modules/marked": {
      "version": "0.7.0",
      "inBundle": true,
      "license": "MIT",
      "bin": {
        "marked": "bin/marked"
      },
      "engines": {
        "node": ">=0.10.0"
      }
    },
    "node_modules/trendyways/node_modules/mdurl": {
      "version": "1.0.1",
      "inBundle": true,
      "license": "MIT"
    },
    "node_modules/trendyways/node_modules/mkdirp": {
      "version": "0.5.1",
      "inBundle": true,
      "license": "MIT",
      "dependencies": {
        "minimist": "0.0.8"
      },
      "bin": {
        "mkdirp": "bin/cmd.js"
      }
    },
    "node_modules/trendyways/node_modules/mkdirp/node_modules/minimist": {
      "version": "0.0.8",
      "inBundle": true,
      "license": "MIT"
    },
    "node_modules/trendyways/node_modules/requizzle": {
      "version": "0.2.3",
      "inBundle": true,
      "license": "MIT",
      "dependencies": {
        "lodash": "^4.17.14"
      }
    },
    "node_modules/trendyways/node_modules/source-map": {
      "version": "0.6.1",
      "inBundle": true,
      "license": "BSD-3-Clause",
      "engines": {
        "node": ">=0.10.0"
      }
    },
    "node_modules/trendyways/node_modules/sprintf-js": {
      "version": "1.0.3",
      "inBundle": true,
      "license": "BSD-3-Clause"
    },
    "node_modules/trendyways/node_modules/taffydb": {
      "version": "2.6.2",
      "inBundle": true
    },
    "node_modules/trendyways/node_modules/uc.micro": {
      "version": "1.0.6",
      "inBundle": true,
      "license": "MIT"
    },
    "node_modules/trendyways/node_modules/uglify-js": {
      "version": "3.6.0",
      "inBundle": true,
      "license": "BSD-2-Clause",
      "dependencies": {
        "commander": "~2.20.0",
        "source-map": "~0.6.1"
      },
      "bin": {
        "uglifyjs": "bin/uglifyjs"
      },
      "engines": {
        "node": ">=0.8.0"
      }
    },
    "node_modules/trendyways/node_modules/underscore": {
      "version": "1.9.1",
      "inBundle": true,
      "license": "MIT"
    },
    "node_modules/trendyways/node_modules/xmlcreate": {
      "version": "2.0.1",
      "inBundle": true,
      "license": "Apache-2.0"
    }
  },
  "dependencies": {
    "ccxt": {
      "version": "1.81.77",
      "resolved": "https://registry.npmjs.org/ccxt/-/ccxt-1.81.77.tgz",
      "integrity": "sha512-8SNqCDQ8S7nJlWnuiZDyO5ciVx2w/PQpdGMaVBUbNFDrsSOBxLQ2xmQJiRo9Sgx4muqLvBXEs5tKmX/7c/0V8Q=="
    },
    "confidence95": {
      "version": "1.0.0",
      "resolved": "https://registry.npmjs.org/confidence95/-/confidence95-1.0.0.tgz",
      "integrity": "sha1-CrqATtiks6aYvS8QlX+MlExLIUw="
    },
    "trendyways": {
      "version": "0.8.0",
      "resolved": "https://registry.npmjs.org/trendyways/-/trendyways-0.8.0.tgz",
      "integrity": "sha512-mhqSw7KaymDldSuQPYpgynlnDwAGq+pnl7VvnDopxS2Ht3DtHmMQI68Nj6rvZsdMbnNKx/FfgQIC0cO18UNn6Q==",
      "requires": {
        "jsdoc": "*",
        "uglify-js": "*"
      },
      "dependencies": {
        "@babel/parser": {
          "version": "7.6.0",
          "bundled": true
        },
        "argparse": {
          "version": "1.0.10",
          "bundled": true,
          "requires": {
            "sprintf-js": "~1.0.2"
          }
        },
        "bluebird": {
          "version": "3.5.5",
          "bundled": true
        },
        "catharsis": {
          "version": "0.8.11",
          "bundled": true,
          "requires": {
            "lodash": "^4.17.14"
          }
        },
        "commander": {
          "version": "2.20.0",
          "bundled": true
        },
        "entities": {
          "version": "1.1.2",
          "bundled": true
        },
        "graceful-fs": {
          "version": "4.1.15",
          "bundled": true
        },
        "js2xmlparser": {
          "version": "4.0.0",
          "bundled": true,
          "requires": {
            "xmlcreate": "^2.0.0"
          }
        },
        "jsdoc": {
          "version": "3.6.3",
          "bundled": true,
          "requires": {
            "@babel/parser": "^7.4.4",
            "bluebird": "^3.5.4",
            "catharsis": "^0.8.11",
            "escape-string-regexp": "^2.0.0",
            "js2xmlparser": "^4.0.0",
            "klaw": "^3.0.0",
            "markdown-it": "^8.4.2",
            "markdown-it-anchor": "^5.0.2",
            "marked": "^0.7.0",
            "mkdirp": "^0.5.1",
            "requizzle": "^0.2.3",
            "strip-json-comments": "^3.0.1",
            "taffydb": "2.6.2",
            "underscore": "~1.9.1"
          },
          "dependencies": {
            "escape-string-regexp": {
              "version": "2.0.0",
              "bundled": true
            },
            "strip-json-comments": {
              "version": "3.0.1",
              "bundled": true
            }
          }
        },
        "klaw": {
          "version": "3.0.0",
          "bundled": true,
          "requires": {
            "graceful-fs": "^4.1.9"
          }
        },
        "linkify-it": {
          "version": "2.2.0",
          "bundled": true,
          "requires": {
            "uc.micro": "^1.0.1"
          }
        },
        "lodash": {
          "version": "4.17.15",
          "bundled": true
        },
        "markdown-it": {
          "version": "8.4.2",
          "bundled": true,
          "requires": {
            "argparse": "^1.0.7",
            "entities": "~1.1.1",
            "linkify-it": "^2.0.0",
            "mdurl": "^1.0.1",
            "uc.micro": "^1.0.5"
          }
        },
        "markdown-it-anchor": {
          "version": "5.2.4",
          "bundled": true,
          "requires": {}
        },
        "marked": {
          "version": "0.7.0",
          "bundled": true
        },
        "mdurl": {
          "version": "1.0.1",
          "bundled": true
        },
        "mkdirp": {
          "version": "0.5.1",
          "bundled": true,
          "requires": {
            "minimist": "0.0.8"
          },
          "dependencies": {
            "minimist": {
              "version": "0.0.8",
              "bundled": true
            }
          }
        },
        "requizzle": {
          "version": "0.2.3",
          "bundled": true,
          "requires": {
            "lodash": "^4.17.14"
          }
        },
        "source-map": {
          "version": "0.6.1",
          "bundled": true
        },
        "sprintf-js": {
          "version": "1.0.3",
          "bundled": true
        },
        "taffydb": {
          "version": "2.6.2",
          "bundled": true
        },
        "uc.micro": {
          "version": "1.0.6",
          "bundled": true
        },
        "uglify-js": {
          "version": "3.6.0",
          "bundled": true,
          "requires": {
            "commander": "~2.20.0",
            "source-map": "~0.6.1"
          }
        },
        "underscore": {
          "version": "1.9.1",
          "bundled": true
        },
        "xmlcreate": {
          "version": "2.0.1",
          "bundled": true
        }
      }
    }
  }
}
